// !$*UTF8*$!
{
	archiveVersion = 1;
	classes = {
	};
	objectVersion = 48;
	objects = {

/* Begin PBXBuildFile section */
		6608E83A201B3819006AB010 /* AppDelegate.swift in Sources */ = {isa = PBXBuildFile; fileRef = 6608E839201B3819006AB010 /* AppDelegate.swift */; };
		6608E841201B3819006AB010 /* Main.storyboard in Resources */ = {isa = PBXBuildFile; fileRef = 6608E83F201B3819006AB010 /* Main.storyboard */; };
		6618177E2062A1E50025DCE3 /* SmarTagSensorDetailsViewController.swift in Sources */ = {isa = PBXBuildFile; fileRef = 6618177D2062A1E50025DCE3 /* SmarTagSensorDetailsViewController.swift */; };
		661C85CF2302F05000FC44C0 /* SmarTagSettingsWriterNFCSession.swift in Sources */ = {isa = PBXBuildFile; fileRef = 661C85CE2302F05000FC44C0 /* SmarTagSettingsWriterNFCSession.swift */; };
		66243F93230C1FE600F18878 /* Charts.framework in Frameworks */ = {isa = PBXBuildFile; fileRef = 66F7315020580312008B4ECD /* Charts.framework */; };
		66243F9A230C1FE700F18878 /* CocoaMQTT.framework in Frameworks */ = {isa = PBXBuildFile; fileRef = 66243F97230C1FE700F18878 /* CocoaMQTT.framework */; };
		66243F9C230C1FE700F18878 /* CocoaAsyncSocket.framework in Frameworks */ = {isa = PBXBuildFile; fileRef = 66243F98230C1FE700F18878 /* CocoaAsyncSocket.framework */; };
		66243F9E230C1FE700F18878 /* SwiftyJSON.framework in Frameworks */ = {isa = PBXBuildFile; fileRef = 66243F99230C1FE700F18878 /* SwiftyJSON.framework */; };
		66243FAD230C283E00F18878 /* SmarTagCloudLib.framework in Frameworks */ = {isa = PBXBuildFile; fileRef = 66243F1E230C1A2B00F18878 /* SmarTagCloudLib.framework */; };
		66243FAE230C283E00F18878 /* SmarTagCloudLib.framework in Embed Frameworks */ = {isa = PBXBuildFile; fileRef = 66243F1E230C1A2B00F18878 /* SmarTagCloudLib.framework */; settings = {ATTRIBUTES = (CodeSignOnCopy, RemoveHeadersOnCopy, ); }; };
		66243FAF230C284300F18878 /* SmarTagCloudLibCommon.framework in Frameworks */ = {isa = PBXBuildFile; fileRef = 66243F24230C1A3400F18878 /* SmarTagCloudLibCommon.framework */; };
		66243FB0230C284300F18878 /* SmarTagCloudLibCommon.framework in Embed Frameworks */ = {isa = PBXBuildFile; fileRef = 66243F24230C1A3400F18878 /* SmarTagCloudLibCommon.framework */; settings = {ATTRIBUTES = (CodeSignOnCopy, RemoveHeadersOnCopy, ); }; };
		66243FB1230C284700F18878 /* SmarTagCloudLibMqtt.framework in Frameworks */ = {isa = PBXBuildFile; fileRef = 66243F2A230C1A3C00F18878 /* SmarTagCloudLibMqtt.framework */; };
		66243FB2230C284700F18878 /* SmarTagCloudLibMqtt.framework in Embed Frameworks */ = {isa = PBXBuildFile; fileRef = 66243F2A230C1A3C00F18878 /* SmarTagCloudLibMqtt.framework */; settings = {ATTRIBUTES = (CodeSignOnCopy, RemoveHeadersOnCopy, ); }; };
		6636E729205A8CED00DDFC5C /* SmarTagSensorSampleViewCell.swift in Sources */ = {isa = PBXBuildFile; fileRef = 6636E728205A8CED00DDFC5C /* SmarTagSensorSampleViewCell.swift */; };
		6649BD65230AB57A0018BB1D /* CloseKeyboardOnReturn.swift in Sources */ = {isa = PBXBuildFile; fileRef = 6649BD64230AB57A0018BB1D /* CloseKeyboardOnReturn.swift */; };
		664C5699206CD77A00572318 /* SmarTagAccelerationSettingCell.swift in Sources */ = {isa = PBXBuildFile; fileRef = 664C5698206CD77A00572318 /* SmarTagAccelerationSettingCell.swift */; };
		664C569B206CD7E000572318 /* SmarTagThresholdSensorCell.swift in Sources */ = {isa = PBXBuildFile; fileRef = 664C569A206CD7E000572318 /* SmarTagThresholdSensorCell.swift */; };
		664C569D206D042000572318 /* Settings.storyboard in Resources */ = {isa = PBXBuildFile; fileRef = 664C569C206D042000572318 /* Settings.storyboard */; };
		664C569F206D049600572318 /* Extreme.storyboard in Resources */ = {isa = PBXBuildFile; fileRef = 664C569E206D049600572318 /* Extreme.storyboard */; };
		665233D02056C58600014F6F /* SmarTagExtremeDataViewCell.swift in Sources */ = {isa = PBXBuildFile; fileRef = 665233CF2056C58600014F6F /* SmarTagExtremeDataViewCell.swift */; };
		6652613D21CD1B90006FCF71 /* STTheme.swift in Sources */ = {isa = PBXBuildFile; fileRef = 6652613C21CD1B90006FCF71 /* STTheme.swift */; };
		6653659E23191825001B5E7D /* KeychainAccess.framework in Frameworks */ = {isa = PBXBuildFile; fileRef = 6653659A23191825001B5E7D /* KeychainAccess.framework */; };
		665E397121C11C8E00C43B98 /* SmarTagLib.framework in Embed Frameworks */ = {isa = PBXBuildFile; fileRef = 6621E66521A5A756001F13A8 /* SmarTagLib.framework */; settings = {ATTRIBUTES = (CodeSignOnCopy, RemoveHeadersOnCopy, ); }; };
		669209DE206A6C680044558E /* st_images_LanchScreen.xcassets in Resources */ = {isa = PBXBuildFile; fileRef = 669209DD206A6C680044558E /* st_images_LanchScreen.xcassets */; };
		669209E0206A755E0044558E /* SmarTagAboutViewController.swift in Sources */ = {isa = PBXBuildFile; fileRef = 669209DF206A755E0044558E /* SmarTagAboutViewController.swift */; };
		66AD89F02303FBF40026972B /* SmarTagSensorSettingsView.xib in Resources */ = {isa = PBXBuildFile; fileRef = 66AD89EF2303FBF40026972B /* SmarTagSensorSettingsView.xib */; };
		66AD89F4230400910026972B /* SmarTagSensorSettingsView.swift in Sources */ = {isa = PBXBuildFile; fileRef = 66AD89F3230400910026972B /* SmarTagSensorSettingsView.swift */; };
		66AD8A11230432B60026972B /* SmarTagAccelerometerSettingsView.xib in Resources */ = {isa = PBXBuildFile; fileRef = 66AD8A10230432B60026972B /* SmarTagAccelerometerSettingsView.xib */; };
		66AD8A13230432EA0026972B /* SmarTagAccelerometerSettingsView.swift in Sources */ = {isa = PBXBuildFile; fileRef = 66AD8A12230432EA0026972B /* SmarTagAccelerometerSettingsView.swift */; };
		66AD8A1523044F2A0026972B /* String+floatOrNil.swift in Sources */ = {isa = PBXBuildFile; fileRef = 66AD8A1423044F2A0026972B /* String+floatOrNil.swift */; };
		66B68427238EC3A3005060A6 /* SmarTagSignleShotViewController.swift in Sources */ = {isa = PBXBuildFile; fileRef = 66B68426238EC3A3005060A6 /* SmarTagSignleShotViewController.swift */; };
		66B68429238EC408005060A6 /* SmarTagSignleShot.storyboard in Resources */ = {isa = PBXBuildFile; fileRef = 66B68428238EC408005060A6 /* SmarTagSignleShot.storyboard */; };
		66C4249D206BC20B00E58BCD /* about.html in Resources */ = {isa = PBXBuildFile; fileRef = 66C4249C206BC20B00E58BCD /* about.html */; };
		66C58DC420528CA000034486 /* images.xcassets in Resources */ = {isa = PBXBuildFile; fileRef = 66C58DC320528CA000034486 /* images.xcassets */; };
		66C58DC72052979200034486 /* SmarTagSettingsViewController.swift in Sources */ = {isa = PBXBuildFile; fileRef = 66C58DC62052979200034486 /* SmarTagSettingsViewController.swift */; };
		66C58DC92052B83600034486 /* SmarTagSensorSettingCell.swift in Sources */ = {isa = PBXBuildFile; fileRef = 66C58DC82052B83600034486 /* SmarTagSensorSettingCell.swift */; };
		66C58DCC2052D9DE00034486 /* SmarTagExtremeDataViewController.swift in Sources */ = {isa = PBXBuildFile; fileRef = 66C58DCB2052D9DE00034486 /* SmarTagExtremeDataViewController.swift */; };
		66C88E692046BCD900D796FF /* st_images.xcassets in Resources */ = {isa = PBXBuildFile; fileRef = 66C88E682046BCD900D796FF /* st_images.xcassets */; };
		66C88E6B2046BEFC00D796FF /* SmarTagMainViewController.swift in Sources */ = {isa = PBXBuildFile; fileRef = 66C88E6A2046BEFC00D796FF /* SmarTagMainViewController.swift */; };
		66C88E6E2046C2AE00D796FF /* UIViewControllerExt.swift in Sources */ = {isa = PBXBuildFile; fileRef = 66C88E6D2046C2AE00D796FF /* UIViewControllerExt.swift */; };
		66C88E702046E74F00D796FF /* SmarTagContentViewController.swift in Sources */ = {isa = PBXBuildFile; fileRef = 66C88E6F2046E74F00D796FF /* SmarTagContentViewController.swift */; };
		66C88E722047055600D796FF /* StarTagObjectWithTag.swift in Sources */ = {isa = PBXBuildFile; fileRef = 66C88E712047055600D796FF /* StarTagObjectWithTag.swift */; };
		66D6B46021C926EF00DE2864 /* ToastSwiftFramework.framework in Frameworks */ = {isa = PBXBuildFile; fileRef = 66D6B45E21C926CD00DE2864 /* ToastSwiftFramework.framework */; };
		66D6F78422FDB6E2003029F4 /* SmarTagIOISO15693.swift in Sources */ = {isa = PBXBuildFile; fileRef = 66D6F78322FDB6E2003029F4 /* SmarTagIOISO15693.swift */; };
		66E34B2220581B8F004C57FB /* ShowData.storyboard in Resources */ = {isa = PBXBuildFile; fileRef = 66E34B2120581B8F004C57FB /* ShowData.storyboard */; };
		66E34B2420581D19004C57FB /* SmarTagSensorSampleViewController.swift in Sources */ = {isa = PBXBuildFile; fileRef = 66E34B2320581D19004C57FB /* SmarTagSensorSampleViewController.swift */; };
		66E34B2620581D5B004C57FB /* SmarTagEventSampleViewController.swift in Sources */ = {isa = PBXBuildFile; fileRef = 66E34B2520581D5B004C57FB /* SmarTagEventSampleViewController.swift */; };
		66E34B2820581D87004C57FB /* SmarTagShowDataPageViewController.swift in Sources */ = {isa = PBXBuildFile; fileRef = 66E34B2720581D87004C57FB /* SmarTagShowDataPageViewController.swift */; };
/* End PBXBuildFile section */

/* Begin PBXContainerItemProxy section */
		6621E66421A5A756001F13A8 /* PBXContainerItemProxy */ = {
			isa = PBXContainerItemProxy;
			containerPortal = 6621E66021A5A756001F13A8 /* SmarTagLib.xcodeproj */;
			proxyType = 2;
			remoteGlobalIDString = 6621E65521A5A73D001F13A8;
			remoteInfo = SmarTagLib;
		};
		66243F1D230C1A2B00F18878 /* PBXContainerItemProxy */ = {
			isa = PBXContainerItemProxy;
			containerPortal = 66243F19230C1A2B00F18878 /* SmarTagCloudLib.xcodeproj */;
			proxyType = 2;
			remoteGlobalIDString = 66243F0E230C19C100F18878;
			remoteInfo = SmarTagCloudLib;
		};
		66243F23230C1A3400F18878 /* PBXContainerItemProxy */ = {
			isa = PBXContainerItemProxy;
			containerPortal = 66243F1F230C1A3300F18878 /* SmarTagCloudLibCommon.xcodeproj */;
			proxyType = 2;
			remoteGlobalIDString = 66243EE4230C199800F18878;
			remoteInfo = SmarTagCloudLibCommon;
		};
		66243F29230C1A3C00F18878 /* PBXContainerItemProxy */ = {
			isa = PBXContainerItemProxy;
			containerPortal = 66243F25230C1A3C00F18878 /* SmarTagCloudLibMqtt.xcodeproj */;
			proxyType = 2;
			remoteGlobalIDString = 66243EF9230C19AF00F18878;
			remoteInfo = SmarTagCloudLibMqtt;
		};
		66243F5E230C1C4000F18878 /* PBXContainerItemProxy */ = {
			isa = PBXContainerItemProxy;
			containerPortal = 66243F19230C1A2B00F18878 /* SmarTagCloudLib.xcodeproj */;
			proxyType = 1;
			remoteGlobalIDString = 66243F0D230C19C100F18878;
			remoteInfo = SmarTagCloudLib;
		};
		665E397221C11C8E00C43B98 /* PBXContainerItemProxy */ = {
			isa = PBXContainerItemProxy;
			containerPortal = 6621E66021A5A756001F13A8 /* SmarTagLib.xcodeproj */;
			proxyType = 1;
			remoteGlobalIDString = 6621E65421A5A73D001F13A8;
			remoteInfo = SmarTagLib;
		};
/* End PBXContainerItemProxy section */

/* Begin PBXCopyFilesBuildPhase section */
		6621E68B21A5B49D001F13A8 /* Embed Frameworks */ = {
			isa = PBXCopyFilesBuildPhase;
			buildActionMask = 2147483647;
			dstPath = "";
			dstSubfolderSpec = 10;
			files = (
				66243FB0230C284300F18878 /* SmarTagCloudLibCommon.framework in Embed Frameworks */,
				665E397121C11C8E00C43B98 /* SmarTagLib.framework in Embed Frameworks */,
				66243FAE230C283E00F18878 /* SmarTagCloudLib.framework in Embed Frameworks */,
				66243FB2230C284700F18878 /* SmarTagCloudLibMqtt.framework in Embed Frameworks */,
			);
			name = "Embed Frameworks";
			runOnlyForDeploymentPostprocessing = 0;
		};
/* End PBXCopyFilesBuildPhase section */

/* Begin PBXFileReference section */
		6608E836201B3819006AB010 /* SmarTAG.app */ = {isa = PBXFileReference; explicitFileType = wrapper.application; includeInIndex = 0; path = SmarTAG.app; sourceTree = BUILT_PRODUCTS_DIR; };
		6608E839201B3819006AB010 /* AppDelegate.swift */ = {isa = PBXFileReference; lastKnownFileType = sourcecode.swift; path = AppDelegate.swift; sourceTree = "<group>"; };
		6608E840201B3819006AB010 /* Base */ = {isa = PBXFileReference; lastKnownFileType = file.storyboard; name = Base; path = Base.lproj/Main.storyboard; sourceTree = "<group>"; };
		6608E847201B3819006AB010 /* Info.plist */ = {isa = PBXFileReference; lastKnownFileType = text.plist.xml; path = Info.plist; sourceTree = "<group>"; };
		6608E869201B383D006AB010 /* SmarTAG.entitlements */ = {isa = PBXFileReference; lastKnownFileType = text.plist.entitlements; path = SmarTAG.entitlements; sourceTree = "<group>"; };
		6618177D2062A1E50025DCE3 /* SmarTagSensorDetailsViewController.swift */ = {isa = PBXFileReference; lastKnownFileType = sourcecode.swift; path = SmarTagSensorDetailsViewController.swift; sourceTree = "<group>"; };
		661C85CE2302F05000FC44C0 /* SmarTagSettingsWriterNFCSession.swift */ = {isa = PBXFileReference; lastKnownFileType = sourcecode.swift; path = SmarTagSettingsWriterNFCSession.swift; sourceTree = "<group>"; };
		6621E66021A5A756001F13A8 /* SmarTagLib.xcodeproj */ = {isa = PBXFileReference; lastKnownFileType = "wrapper.pb-project"; name = SmarTagLib.xcodeproj; path = SmarTagLib/SmarTagLib.xcodeproj; sourceTree = "<group>"; };
		66243F19230C1A2B00F18878 /* SmarTagCloudLib.xcodeproj */ = {isa = PBXFileReference; lastKnownFileType = "wrapper.pb-project"; name = SmarTagCloudLib.xcodeproj; path = SmarTagCloudLib/SmarTagCloudLib.xcodeproj; sourceTree = "<group>"; };
		66243F1F230C1A3300F18878 /* SmarTagCloudLibCommon.xcodeproj */ = {isa = PBXFileReference; lastKnownFileType = "wrapper.pb-project"; name = SmarTagCloudLibCommon.xcodeproj; path = SmarTagCloudLibCommon/SmarTagCloudLibCommon.xcodeproj; sourceTree = "<group>"; };
		66243F25230C1A3C00F18878 /* SmarTagCloudLibMqtt.xcodeproj */ = {isa = PBXFileReference; lastKnownFileType = "wrapper.pb-project"; name = SmarTagCloudLibMqtt.xcodeproj; path = SmarTagCloudLibMqtt/SmarTagCloudLibMqtt.xcodeproj; sourceTree = "<group>"; };
		66243F97230C1FE700F18878 /* CocoaMQTT.framework */ = {isa = PBXFileReference; lastKnownFileType = wrapper.framework; name = CocoaMQTT.framework; path = Carthage/Build/iOS/CocoaMQTT.framework; sourceTree = "<group>"; };
		66243F98230C1FE700F18878 /* CocoaAsyncSocket.framework */ = {isa = PBXFileReference; lastKnownFileType = wrapper.framework; name = CocoaAsyncSocket.framework; path = Carthage/Build/iOS/CocoaAsyncSocket.framework; sourceTree = "<group>"; };
		66243F99230C1FE700F18878 /* SwiftyJSON.framework */ = {isa = PBXFileReference; lastKnownFileType = wrapper.framework; name = SwiftyJSON.framework; path = Carthage/Build/iOS/SwiftyJSON.framework; sourceTree = "<group>"; };
		6636E728205A8CED00DDFC5C /* SmarTagSensorSampleViewCell.swift */ = {isa = PBXFileReference; lastKnownFileType = sourcecode.swift; path = SmarTagSensorSampleViewCell.swift; sourceTree = "<group>"; };
		6649BD64230AB57A0018BB1D /* CloseKeyboardOnReturn.swift */ = {isa = PBXFileReference; lastKnownFileType = sourcecode.swift; path = CloseKeyboardOnReturn.swift; sourceTree = "<group>"; };
		664C5698206CD77A00572318 /* SmarTagAccelerationSettingCell.swift */ = {isa = PBXFileReference; lastKnownFileType = sourcecode.swift; path = SmarTagAccelerationSettingCell.swift; sourceTree = "<group>"; };
		664C569A206CD7E000572318 /* SmarTagThresholdSensorCell.swift */ = {isa = PBXFileReference; lastKnownFileType = sourcecode.swift; path = SmarTagThresholdSensorCell.swift; sourceTree = "<group>"; };
		664C569C206D042000572318 /* Settings.storyboard */ = {isa = PBXFileReference; lastKnownFileType = file.storyboard; path = Settings.storyboard; sourceTree = "<group>"; };
		664C569E206D049600572318 /* Extreme.storyboard */ = {isa = PBXFileReference; lastKnownFileType = file.storyboard; path = Extreme.storyboard; sourceTree = "<group>"; };
		665233CF2056C58600014F6F /* SmarTagExtremeDataViewCell.swift */ = {isa = PBXFileReference; lastKnownFileType = sourcecode.swift; path = SmarTagExtremeDataViewCell.swift; sourceTree = "<group>"; };
		6652613C21CD1B90006FCF71 /* STTheme.swift */ = {isa = PBXFileReference; lastKnownFileType = sourcecode.swift; path = STTheme.swift; sourceTree = "<group>"; };
		6653659A23191825001B5E7D /* KeychainAccess.framework */ = {isa = PBXFileReference; lastKnownFileType = wrapper.framework; name = KeychainAccess.framework; path = Carthage/Build/iOS/KeychainAccess.framework; sourceTree = "<group>"; };
		669209DD206A6C680044558E /* st_images_LanchScreen.xcassets */ = {isa = PBXFileReference; lastKnownFileType = folder.assetcatalog; path = st_images_LanchScreen.xcassets; sourceTree = "<group>"; };
		669209DF206A755E0044558E /* SmarTagAboutViewController.swift */ = {isa = PBXFileReference; lastKnownFileType = sourcecode.swift; path = SmarTagAboutViewController.swift; sourceTree = "<group>"; };
		66AD89EF2303FBF40026972B /* SmarTagSensorSettingsView.xib */ = {isa = PBXFileReference; lastKnownFileType = file.xib; path = SmarTagSensorSettingsView.xib; sourceTree = "<group>"; };
		66AD89F3230400910026972B /* SmarTagSensorSettingsView.swift */ = {isa = PBXFileReference; lastKnownFileType = sourcecode.swift; path = SmarTagSensorSettingsView.swift; sourceTree = "<group>"; };
		66AD8A10230432B60026972B /* SmarTagAccelerometerSettingsView.xib */ = {isa = PBXFileReference; lastKnownFileType = file.xib; path = SmarTagAccelerometerSettingsView.xib; sourceTree = "<group>"; };
		66AD8A12230432EA0026972B /* SmarTagAccelerometerSettingsView.swift */ = {isa = PBXFileReference; lastKnownFileType = sourcecode.swift; path = SmarTagAccelerometerSettingsView.swift; sourceTree = "<group>"; };
		66AD8A1423044F2A0026972B /* String+floatOrNil.swift */ = {isa = PBXFileReference; lastKnownFileType = sourcecode.swift; path = "String+floatOrNil.swift"; sourceTree = "<group>"; };
		66B68426238EC3A3005060A6 /* SmarTagSignleShotViewController.swift */ = {isa = PBXFileReference; lastKnownFileType = sourcecode.swift; path = SmarTagSignleShotViewController.swift; sourceTree = "<group>"; };
		66B68428238EC408005060A6 /* SmarTagSignleShot.storyboard */ = {isa = PBXFileReference; lastKnownFileType = file.storyboard; path = SmarTagSignleShot.storyboard; sourceTree = "<group>"; };
		66C4249C206BC20B00E58BCD /* about.html */ = {isa = PBXFileReference; fileEncoding = 4; lastKnownFileType = text.html; path = about.html; sourceTree = "<group>"; };
		66C58DC320528CA000034486 /* images.xcassets */ = {isa = PBXFileReference; lastKnownFileType = folder.assetcatalog; path = images.xcassets; sourceTree = "<group>"; };
		66C58DC62052979200034486 /* SmarTagSettingsViewController.swift */ = {isa = PBXFileReference; lastKnownFileType = sourcecode.swift; path = SmarTagSettingsViewController.swift; sourceTree = "<group>"; };
		66C58DC82052B83600034486 /* SmarTagSensorSettingCell.swift */ = {isa = PBXFileReference; lastKnownFileType = sourcecode.swift; path = SmarTagSensorSettingCell.swift; sourceTree = "<group>"; };
		66C58DCB2052D9DE00034486 /* SmarTagExtremeDataViewController.swift */ = {isa = PBXFileReference; lastKnownFileType = sourcecode.swift; path = SmarTagExtremeDataViewController.swift; sourceTree = "<group>"; };
		66C88E682046BCD900D796FF /* st_images.xcassets */ = {isa = PBXFileReference; lastKnownFileType = folder.assetcatalog; path = st_images.xcassets; sourceTree = "<group>"; };
		66C88E6A2046BEFC00D796FF /* SmarTagMainViewController.swift */ = {isa = PBXFileReference; lastKnownFileType = sourcecode.swift; path = SmarTagMainViewController.swift; sourceTree = "<group>"; };
		66C88E6D2046C2AE00D796FF /* UIViewControllerExt.swift */ = {isa = PBXFileReference; lastKnownFileType = sourcecode.swift; path = UIViewControllerExt.swift; sourceTree = "<group>"; };
		66C88E6F2046E74F00D796FF /* SmarTagContentViewController.swift */ = {isa = PBXFileReference; lastKnownFileType = sourcecode.swift; path = SmarTagContentViewController.swift; sourceTree = "<group>"; };
		66C88E712047055600D796FF /* StarTagObjectWithTag.swift */ = {isa = PBXFileReference; lastKnownFileType = sourcecode.swift; path = StarTagObjectWithTag.swift; sourceTree = "<group>"; };
		66D6B45E21C926CD00DE2864 /* ToastSwiftFramework.framework */ = {isa = PBXFileReference; lastKnownFileType = wrapper.framework; name = ToastSwiftFramework.framework; path = Carthage/Build/iOS/ToastSwiftFramework.framework; sourceTree = "<group>"; };
		66D6F78322FDB6E2003029F4 /* SmarTagIOISO15693.swift */ = {isa = PBXFileReference; fileEncoding = 4; lastKnownFileType = sourcecode.swift; path = SmarTagIOISO15693.swift; sourceTree = "<group>"; };
		66E34B2120581B8F004C57FB /* ShowData.storyboard */ = {isa = PBXFileReference; lastKnownFileType = file.storyboard; path = ShowData.storyboard; sourceTree = "<group>"; };
		66E34B2320581D19004C57FB /* SmarTagSensorSampleViewController.swift */ = {isa = PBXFileReference; lastKnownFileType = sourcecode.swift; path = SmarTagSensorSampleViewController.swift; sourceTree = "<group>"; };
		66E34B2520581D5B004C57FB /* SmarTagEventSampleViewController.swift */ = {isa = PBXFileReference; lastKnownFileType = sourcecode.swift; path = SmarTagEventSampleViewController.swift; sourceTree = "<group>"; };
		66E34B2720581D87004C57FB /* SmarTagShowDataPageViewController.swift */ = {isa = PBXFileReference; lastKnownFileType = sourcecode.swift; path = SmarTagShowDataPageViewController.swift; sourceTree = "<group>"; };
		66F7315020580312008B4ECD /* Charts.framework */ = {isa = PBXFileReference; lastKnownFileType = wrapper.framework; name = Charts.framework; path = Carthage/Build/iOS/Charts.framework; sourceTree = "<group>"; };
/* End PBXFileReference section */

/* Begin PBXFrameworksBuildPhase section */
		6608E833201B3819006AB010 /* Frameworks */ = {
			isa = PBXFrameworksBuildPhase;
			buildActionMask = 2147483647;
			files = (
				66243FB1230C284700F18878 /* SmarTagCloudLibMqtt.framework in Frameworks */,
				66243F9C230C1FE700F18878 /* CocoaAsyncSocket.framework in Frameworks */,
				66243F9A230C1FE700F18878 /* CocoaMQTT.framework in Frameworks */,
				66243FAF230C284300F18878 /* SmarTagCloudLibCommon.framework in Frameworks */,
				66243FAD230C283E00F18878 /* SmarTagCloudLib.framework in Frameworks */,
				6653659E23191825001B5E7D /* KeychainAccess.framework in Frameworks */,
				66D6B46021C926EF00DE2864 /* ToastSwiftFramework.framework in Frameworks */,
				66243F93230C1FE600F18878 /* Charts.framework in Frameworks */,
				66243F9E230C1FE700F18878 /* SwiftyJSON.framework in Frameworks */,
			);
			runOnlyForDeploymentPostprocessing = 0;
		};
/* End PBXFrameworksBuildPhase section */

/* Begin PBXGroup section */
		6608E82D201B3819006AB010 = {
			isa = PBXGroup;
			children = (
				66243F25230C1A3C00F18878 /* SmarTagCloudLibMqtt.xcodeproj */,
				66243F1F230C1A3300F18878 /* SmarTagCloudLibCommon.xcodeproj */,
				66243F19230C1A2B00F18878 /* SmarTagCloudLib.xcodeproj */,
				6621E66021A5A756001F13A8 /* SmarTagLib.xcodeproj */,
				6608E838201B3819006AB010 /* SmarTAG */,
				6608E837201B3819006AB010 /* Products */,
				66F731472057FE4B008B4ECD /* Frameworks */,
			);
			sourceTree = "<group>";
		};
		6608E837201B3819006AB010 /* Products */ = {
			isa = PBXGroup;
			children = (
				6608E836201B3819006AB010 /* SmarTAG.app */,
			);
			name = Products;
			sourceTree = "<group>";
		};
		6608E838201B3819006AB010 /* SmarTAG */ = {
			isa = PBXGroup;
			children = (
				66B68425238EC384005060A6 /* SingleShot */,
				66E34B2020581B76004C57FB /* ShowData */,
				66C58DCA2052D3AC00034486 /* Extreme */,
				66C58DC52052977600034486 /* Settings */,
				66C88E6C2046C28F00D796FF /* Util */,
				6608E869201B383D006AB010 /* SmarTAG.entitlements */,
				6652613C21CD1B90006FCF71 /* STTheme.swift */,
				6608E839201B3819006AB010 /* AppDelegate.swift */,
				66C88E6A2046BEFC00D796FF /* SmarTagMainViewController.swift */,
				66C88E6F2046E74F00D796FF /* SmarTagContentViewController.swift */,
				669209DF206A755E0044558E /* SmarTagAboutViewController.swift */,
				66C88E712047055600D796FF /* StarTagObjectWithTag.swift */,
				66D6F78322FDB6E2003029F4 /* SmarTagIOISO15693.swift */,
				6608E83F201B3819006AB010 /* Main.storyboard */,
				6608E847201B3819006AB010 /* Info.plist */,
				66C88E682046BCD900D796FF /* st_images.xcassets */,
				669209DD206A6C680044558E /* st_images_LanchScreen.xcassets */,
				66C58DC320528CA000034486 /* images.xcassets */,
				66C4249C206BC20B00E58BCD /* about.html */,
			);
			path = SmarTAG;
			sourceTree = "<group>";
		};
		6621E66121A5A756001F13A8 /* Products */ = {
			isa = PBXGroup;
			children = (
				6621E66521A5A756001F13A8 /* SmarTagLib.framework */,
			);
			name = Products;
			sourceTree = "<group>";
		};
		66243F1A230C1A2B00F18878 /* Products */ = {
			isa = PBXGroup;
			children = (
				66243F1E230C1A2B00F18878 /* SmarTagCloudLib.framework */,
			);
			name = Products;
			sourceTree = "<group>";
		};
		66243F20230C1A3300F18878 /* Products */ = {
			isa = PBXGroup;
			children = (
				66243F24230C1A3400F18878 /* SmarTagCloudLibCommon.framework */,
			);
			name = Products;
			sourceTree = "<group>";
		};
		66243F26230C1A3C00F18878 /* Products */ = {
			isa = PBXGroup;
			children = (
				66243F2A230C1A3C00F18878 /* SmarTagCloudLibMqtt.framework */,
			);
			name = Products;
			sourceTree = "<group>";
		};
		66B68425238EC384005060A6 /* SingleShot */ = {
			isa = PBXGroup;
			children = (
				66B68426238EC3A3005060A6 /* SmarTagSignleShotViewController.swift */,
				66B68428238EC408005060A6 /* SmarTagSignleShot.storyboard */,
			);
			path = SingleShot;
			sourceTree = "<group>";
		};
		66C58DC52052977600034486 /* Settings */ = {
			isa = PBXGroup;
			children = (
				664C569C206D042000572318 /* Settings.storyboard */,
				66C58DC62052979200034486 /* SmarTagSettingsViewController.swift */,
				66AD89EF2303FBF40026972B /* SmarTagSensorSettingsView.xib */,
				66AD89F3230400910026972B /* SmarTagSensorSettingsView.swift */,
				66AD8A10230432B60026972B /* SmarTagAccelerometerSettingsView.xib */,
				66AD8A12230432EA0026972B /* SmarTagAccelerometerSettingsView.swift */,
				66C58DC82052B83600034486 /* SmarTagSensorSettingCell.swift */,
				664C5698206CD77A00572318 /* SmarTagAccelerationSettingCell.swift */,
				664C569A206CD7E000572318 /* SmarTagThresholdSensorCell.swift */,
				661C85CE2302F05000FC44C0 /* SmarTagSettingsWriterNFCSession.swift */,
				66AD8A1423044F2A0026972B /* String+floatOrNil.swift */,
				6649BD64230AB57A0018BB1D /* CloseKeyboardOnReturn.swift */,
			);
			path = Settings;
			sourceTree = "<group>";
		};
		66C58DCA2052D3AC00034486 /* Extreme */ = {
			isa = PBXGroup;
			children = (
				664C569E206D049600572318 /* Extreme.storyboard */,
				66C58DCB2052D9DE00034486 /* SmarTagExtremeDataViewController.swift */,
				665233CF2056C58600014F6F /* SmarTagExtremeDataViewCell.swift */,
			);
			path = Extreme;
			sourceTree = "<group>";
		};
		66C88E6C2046C28F00D796FF /* Util */ = {
			isa = PBXGroup;
			children = (
				66C88E6D2046C2AE00D796FF /* UIViewControllerExt.swift */,
			);
			path = Util;
			sourceTree = "<group>";
		};
		66E34B2020581B76004C57FB /* ShowData */ = {
			isa = PBXGroup;
			children = (
				66E34B2120581B8F004C57FB /* ShowData.storyboard */,
				66E34B2720581D87004C57FB /* SmarTagShowDataPageViewController.swift */,
				66E34B2320581D19004C57FB /* SmarTagSensorSampleViewController.swift */,
				6636E728205A8CED00DDFC5C /* SmarTagSensorSampleViewCell.swift */,
				66E34B2520581D5B004C57FB /* SmarTagEventSampleViewController.swift */,
				6618177D2062A1E50025DCE3 /* SmarTagSensorDetailsViewController.swift */,
			);
			path = ShowData;
			sourceTree = "<group>";
		};
		66F731472057FE4B008B4ECD /* Frameworks */ = {
			isa = PBXGroup;
			children = (
				6653659A23191825001B5E7D /* KeychainAccess.framework */,
				66243F98230C1FE700F18878 /* CocoaAsyncSocket.framework */,
				66243F97230C1FE700F18878 /* CocoaMQTT.framework */,
				66243F99230C1FE700F18878 /* SwiftyJSON.framework */,
				66D6B45E21C926CD00DE2864 /* ToastSwiftFramework.framework */,
				66F7315020580312008B4ECD /* Charts.framework */,
			);
			name = Frameworks;
			sourceTree = "<group>";
		};
/* End PBXGroup section */

/* Begin PBXNativeTarget section */
		6608E835201B3819006AB010 /* SmarTAG */ = {
			isa = PBXNativeTarget;
			buildConfigurationList = 6608E860201B381A006AB010 /* Build configuration list for PBXNativeTarget "SmarTAG" */;
			buildPhases = (
				6608E832201B3819006AB010 /* Sources */,
				6608E833201B3819006AB010 /* Frameworks */,
				6608E834201B3819006AB010 /* Resources */,
				6636E727205A87FD00DDFC5C /* ShellScript */,
				6621E68B21A5B49D001F13A8 /* Embed Frameworks */,
			);
			buildRules = (
			);
			dependencies = (
				66243F5F230C1C4000F18878 /* PBXTargetDependency */,
				665E397321C11C8E00C43B98 /* PBXTargetDependency */,
			);
			name = SmarTAG;
			productName = SmarTAG;
			productReference = 6608E836201B3819006AB010 /* SmarTAG.app */;
			productType = "com.apple.product-type.application";
		};
/* End PBXNativeTarget section */

/* Begin PBXProject section */
		6608E82E201B3819006AB010 /* Project object */ = {
			isa = PBXProject;
			attributes = {
				LastSwiftUpdateCheck = 0920;
				LastUpgradeCheck = 1100;
				TargetAttributes = {
					6608E835201B3819006AB010 = {
						CreatedOnToolsVersion = 9.2;
						LastSwiftMigration = 1000;
						ProvisioningStyle = Automatic;
						SystemCapabilities = {
							com.apple.BackgroundModes = {
								enabled = 0;
							};
							com.apple.NearFieldCommunicationTagReading = {
								enabled = 1;
							};
						};
					};
				};
			};
			buildConfigurationList = 6608E831201B3819006AB010 /* Build configuration list for PBXProject "SmarTAG" */;
			compatibilityVersion = "Xcode 8.0";
			developmentRegion = en;
			hasScannedForEncodings = 0;
			knownRegions = (
				en,
				Base,
			);
			mainGroup = 6608E82D201B3819006AB010;
			productRefGroup = 6608E837201B3819006AB010 /* Products */;
			projectDirPath = "";
			projectReferences = (
				{
					ProductGroup = 66243F1A230C1A2B00F18878 /* Products */;
					ProjectRef = 66243F19230C1A2B00F18878 /* SmarTagCloudLib.xcodeproj */;
				},
				{
					ProductGroup = 66243F20230C1A3300F18878 /* Products */;
					ProjectRef = 66243F1F230C1A3300F18878 /* SmarTagCloudLibCommon.xcodeproj */;
				},
				{
					ProductGroup = 66243F26230C1A3C00F18878 /* Products */;
					ProjectRef = 66243F25230C1A3C00F18878 /* SmarTagCloudLibMqtt.xcodeproj */;
				},
				{
					ProductGroup = 6621E66121A5A756001F13A8 /* Products */;
					ProjectRef = 6621E66021A5A756001F13A8 /* SmarTagLib.xcodeproj */;
				},
			);
			projectRoot = "";
			targets = (
				6608E835201B3819006AB010 /* SmarTAG */,
			);
		};
/* End PBXProject section */

/* Begin PBXReferenceProxy section */
		6621E66521A5A756001F13A8 /* SmarTagLib.framework */ = {
			isa = PBXReferenceProxy;
			fileType = wrapper.framework;
			path = SmarTagLib.framework;
			remoteRef = 6621E66421A5A756001F13A8 /* PBXContainerItemProxy */;
			sourceTree = BUILT_PRODUCTS_DIR;
		};
		66243F1E230C1A2B00F18878 /* SmarTagCloudLib.framework */ = {
			isa = PBXReferenceProxy;
			fileType = wrapper.framework;
			path = SmarTagCloudLib.framework;
			remoteRef = 66243F1D230C1A2B00F18878 /* PBXContainerItemProxy */;
			sourceTree = BUILT_PRODUCTS_DIR;
		};
		66243F24230C1A3400F18878 /* SmarTagCloudLibCommon.framework */ = {
			isa = PBXReferenceProxy;
			fileType = wrapper.framework;
			path = SmarTagCloudLibCommon.framework;
			remoteRef = 66243F23230C1A3400F18878 /* PBXContainerItemProxy */;
			sourceTree = BUILT_PRODUCTS_DIR;
		};
		66243F2A230C1A3C00F18878 /* SmarTagCloudLibMqtt.framework */ = {
			isa = PBXReferenceProxy;
			fileType = wrapper.framework;
			path = SmarTagCloudLibMqtt.framework;
			remoteRef = 66243F29230C1A3C00F18878 /* PBXContainerItemProxy */;
			sourceTree = BUILT_PRODUCTS_DIR;
		};
/* End PBXReferenceProxy section */

/* Begin PBXResourcesBuildPhase section */
		6608E834201B3819006AB010 /* Resources */ = {
			isa = PBXResourcesBuildPhase;
			buildActionMask = 2147483647;
			files = (
				66C88E692046BCD900D796FF /* st_images.xcassets in Resources */,
				66AD8A11230432B60026972B /* SmarTagAccelerometerSettingsView.xib in Resources */,
				66E34B2220581B8F004C57FB /* ShowData.storyboard in Resources */,
				6608E841201B3819006AB010 /* Main.storyboard in Resources */,
				66B68429238EC408005060A6 /* SmarTagSignleShot.storyboard in Resources */,
				664C569F206D049600572318 /* Extreme.storyboard in Resources */,
				66C4249D206BC20B00E58BCD /* about.html in Resources */,
				66C58DC420528CA000034486 /* images.xcassets in Resources */,
				669209DE206A6C680044558E /* st_images_LanchScreen.xcassets in Resources */,
				664C569D206D042000572318 /* Settings.storyboard in Resources */,
				66AD89F02303FBF40026972B /* SmarTagSensorSettingsView.xib in Resources */,
			);
			runOnlyForDeploymentPostprocessing = 0;
		};
/* End PBXResourcesBuildPhase section */

/* Begin PBXShellScriptBuildPhase section */
		6636E727205A87FD00DDFC5C /* ShellScript */ = {
			isa = PBXShellScriptBuildPhase;
			buildActionMask = 2147483647;
			files = (
			);
			inputPaths = (
				"$(SRCROOT)/Carthage/Build/iOS/Charts.framework",
				"$(SRCROOT)/Carthage/Build/iOS/SwiftyJSON.framework",
				"$(SRCROOT)/Carthage/Build/iOS/CocoaMQTT.framework",
				"$(SRCROOT)/Carthage/Build/iOS/CocoaAsyncSocket.framework",
				"$(SRCROOT)/Carthage/Build/iOS/KeychainAccess.framework",
				"$(SRCROOT)/Carthage/Build/iOS/ToastSwiftFramework.framework",
			);
			outputPaths = (
			);
			runOnlyForDeploymentPostprocessing = 0;
			shellPath = /bin/sh;
			shellScript = "/usr/local/bin/carthage copy-frameworks\n";
		};
/* End PBXShellScriptBuildPhase section */

/* Begin PBXSourcesBuildPhase section */
		6608E832201B3819006AB010 /* Sources */ = {
			isa = PBXSourcesBuildPhase;
			buildActionMask = 2147483647;
			files = (
				66C88E6E2046C2AE00D796FF /* UIViewControllerExt.swift in Sources */,
				66E34B2820581D87004C57FB /* SmarTagShowDataPageViewController.swift in Sources */,
				665233D02056C58600014F6F /* SmarTagExtremeDataViewCell.swift in Sources */,
				66C88E722047055600D796FF /* StarTagObjectWithTag.swift in Sources */,
				66C58DCC2052D9DE00034486 /* SmarTagExtremeDataViewController.swift in Sources */,
				66C58DC72052979200034486 /* SmarTagSettingsViewController.swift in Sources */,
				66E34B2420581D19004C57FB /* SmarTagSensorSampleViewController.swift in Sources */,
				664C569B206CD7E000572318 /* SmarTagThresholdSensorCell.swift in Sources */,
				661C85CF2302F05000FC44C0 /* SmarTagSettingsWriterNFCSession.swift in Sources */,
				66C58DC92052B83600034486 /* SmarTagSensorSettingCell.swift in Sources */,
				66B68427238EC3A3005060A6 /* SmarTagSignleShotViewController.swift in Sources */,
				66AD89F4230400910026972B /* SmarTagSensorSettingsView.swift in Sources */,
				6608E83A201B3819006AB010 /* AppDelegate.swift in Sources */,
				669209E0206A755E0044558E /* SmarTagAboutViewController.swift in Sources */,
				664C5699206CD77A00572318 /* SmarTagAccelerationSettingCell.swift in Sources */,
				6652613D21CD1B90006FCF71 /* STTheme.swift in Sources */,
				6618177E2062A1E50025DCE3 /* SmarTagSensorDetailsViewController.swift in Sources */,
				66C88E6B2046BEFC00D796FF /* SmarTagMainViewController.swift in Sources */,
				6636E729205A8CED00DDFC5C /* SmarTagSensorSampleViewCell.swift in Sources */,
				66AD8A1523044F2A0026972B /* String+floatOrNil.swift in Sources */,
				6649BD65230AB57A0018BB1D /* CloseKeyboardOnReturn.swift in Sources */,
				66C88E702046E74F00D796FF /* SmarTagContentViewController.swift in Sources */,
				66AD8A13230432EA0026972B /* SmarTagAccelerometerSettingsView.swift in Sources */,
				66E34B2620581D5B004C57FB /* SmarTagEventSampleViewController.swift in Sources */,
				66D6F78422FDB6E2003029F4 /* SmarTagIOISO15693.swift in Sources */,
			);
			runOnlyForDeploymentPostprocessing = 0;
		};
/* End PBXSourcesBuildPhase section */

/* Begin PBXTargetDependency section */
		66243F5F230C1C4000F18878 /* PBXTargetDependency */ = {
			isa = PBXTargetDependency;
			name = SmarTagCloudLib;
			targetProxy = 66243F5E230C1C4000F18878 /* PBXContainerItemProxy */;
		};
		665E397321C11C8E00C43B98 /* PBXTargetDependency */ = {
			isa = PBXTargetDependency;
			name = SmarTagLib;
			targetProxy = 665E397221C11C8E00C43B98 /* PBXContainerItemProxy */;
		};
/* End PBXTargetDependency section */

/* Begin PBXVariantGroup section */
		6608E83F201B3819006AB010 /* Main.storyboard */ = {
			isa = PBXVariantGroup;
			children = (
				6608E840201B3819006AB010 /* Base */,
			);
			name = Main.storyboard;
			sourceTree = "<group>";
		};
/* End PBXVariantGroup section */

/* Begin XCBuildConfiguration section */
		6608E85E201B381A006AB010 /* Debug */ = {
			isa = XCBuildConfiguration;
			buildSettings = {
				ALWAYS_SEARCH_USER_PATHS = NO;
				CLANG_ANALYZER_NONNULL = YES;
				CLANG_ANALYZER_NUMBER_OBJECT_CONVERSION = YES_AGGRESSIVE;
				CLANG_CXX_LANGUAGE_STANDARD = "gnu++14";
				CLANG_CXX_LIBRARY = "libc++";
				CLANG_ENABLE_MODULES = YES;
				CLANG_ENABLE_OBJC_ARC = YES;
				CLANG_WARN_BLOCK_CAPTURE_AUTORELEASING = YES;
				CLANG_WARN_BOOL_CONVERSION = YES;
				CLANG_WARN_COMMA = YES;
				CLANG_WARN_CONSTANT_CONVERSION = YES;
				CLANG_WARN_DEPRECATED_OBJC_IMPLEMENTATIONS = YES;
				CLANG_WARN_DIRECT_OBJC_ISA_USAGE = YES_ERROR;
				CLANG_WARN_DOCUMENTATION_COMMENTS = YES;
				CLANG_WARN_EMPTY_BODY = YES;
				CLANG_WARN_ENUM_CONVERSION = YES;
				CLANG_WARN_INFINITE_RECURSION = YES;
				CLANG_WARN_INT_CONVERSION = YES;
				CLANG_WARN_NON_LITERAL_NULL_CONVERSION = YES;
				CLANG_WARN_OBJC_IMPLICIT_RETAIN_SELF = YES;
				CLANG_WARN_OBJC_LITERAL_CONVERSION = YES;
				CLANG_WARN_OBJC_ROOT_CLASS = YES_ERROR;
				CLANG_WARN_RANGE_LOOP_ANALYSIS = YES;
				CLANG_WARN_STRICT_PROTOTYPES = YES;
				CLANG_WARN_SUSPICIOUS_MOVE = YES;
				CLANG_WARN_UNGUARDED_AVAILABILITY = YES_AGGRESSIVE;
				CLANG_WARN_UNREACHABLE_CODE = YES;
				CLANG_WARN__DUPLICATE_METHOD_MATCH = YES;
				CODE_SIGN_IDENTITY = "iPhone Developer";
				COPY_PHASE_STRIP = NO;
				DEBUG_INFORMATION_FORMAT = dwarf;
				ENABLE_STRICT_OBJC_MSGSEND = YES;
				ENABLE_TESTABILITY = YES;
				GCC_C_LANGUAGE_STANDARD = gnu11;
				GCC_DYNAMIC_NO_PIC = NO;
				GCC_NO_COMMON_BLOCKS = YES;
				GCC_OPTIMIZATION_LEVEL = 0;
				GCC_PREPROCESSOR_DEFINITIONS = (
					"DEBUG=1",
					"$(inherited)",
				);
				GCC_WARN_64_TO_32_BIT_CONVERSION = YES;
				GCC_WARN_ABOUT_RETURN_TYPE = YES_ERROR;
				GCC_WARN_UNDECLARED_SELECTOR = YES;
				GCC_WARN_UNINITIALIZED_AUTOS = YES_AGGRESSIVE;
				GCC_WARN_UNUSED_FUNCTION = YES;
				GCC_WARN_UNUSED_VARIABLE = YES;
				IPHONEOS_DEPLOYMENT_TARGET = 11.2;
				MTL_ENABLE_DEBUG_INFO = YES;
				ONLY_ACTIVE_ARCH = YES;
				SDKROOT = iphoneos;
				SWIFT_ACTIVE_COMPILATION_CONDITIONS = DEBUG;
				SWIFT_OPTIMIZATION_LEVEL = "-Onone";
			};
			name = Debug;
		};
		6608E85F201B381A006AB010 /* Release */ = {
			isa = XCBuildConfiguration;
			buildSettings = {
				ALWAYS_SEARCH_USER_PATHS = NO;
				CLANG_ANALYZER_NONNULL = YES;
				CLANG_ANALYZER_NUMBER_OBJECT_CONVERSION = YES_AGGRESSIVE;
				CLANG_CXX_LANGUAGE_STANDARD = "gnu++14";
				CLANG_CXX_LIBRARY = "libc++";
				CLANG_ENABLE_MODULES = YES;
				CLANG_ENABLE_OBJC_ARC = YES;
				CLANG_WARN_BLOCK_CAPTURE_AUTORELEASING = YES;
				CLANG_WARN_BOOL_CONVERSION = YES;
				CLANG_WARN_COMMA = YES;
				CLANG_WARN_CONSTANT_CONVERSION = YES;
				CLANG_WARN_DEPRECATED_OBJC_IMPLEMENTATIONS = YES;
				CLANG_WARN_DIRECT_OBJC_ISA_USAGE = YES_ERROR;
				CLANG_WARN_DOCUMENTATION_COMMENTS = YES;
				CLANG_WARN_EMPTY_BODY = YES;
				CLANG_WARN_ENUM_CONVERSION = YES;
				CLANG_WARN_INFINITE_RECURSION = YES;
				CLANG_WARN_INT_CONVERSION = YES;
				CLANG_WARN_NON_LITERAL_NULL_CONVERSION = YES;
				CLANG_WARN_OBJC_IMPLICIT_RETAIN_SELF = YES;
				CLANG_WARN_OBJC_LITERAL_CONVERSION = YES;
				CLANG_WARN_OBJC_ROOT_CLASS = YES_ERROR;
				CLANG_WARN_RANGE_LOOP_ANALYSIS = YES;
				CLANG_WARN_STRICT_PROTOTYPES = YES;
				CLANG_WARN_SUSPICIOUS_MOVE = YES;
				CLANG_WARN_UNGUARDED_AVAILABILITY = YES_AGGRESSIVE;
				CLANG_WARN_UNREACHABLE_CODE = YES;
				CLANG_WARN__DUPLICATE_METHOD_MATCH = YES;
				CODE_SIGN_IDENTITY = "iPhone Developer";
				COPY_PHASE_STRIP = NO;
				DEBUG_INFORMATION_FORMAT = "dwarf-with-dsym";
				ENABLE_NS_ASSERTIONS = NO;
				ENABLE_STRICT_OBJC_MSGSEND = YES;
				GCC_C_LANGUAGE_STANDARD = gnu11;
				GCC_NO_COMMON_BLOCKS = YES;
				GCC_WARN_64_TO_32_BIT_CONVERSION = YES;
				GCC_WARN_ABOUT_RETURN_TYPE = YES_ERROR;
				GCC_WARN_UNDECLARED_SELECTOR = YES;
				GCC_WARN_UNINITIALIZED_AUTOS = YES_AGGRESSIVE;
				GCC_WARN_UNUSED_FUNCTION = YES;
				GCC_WARN_UNUSED_VARIABLE = YES;
				IPHONEOS_DEPLOYMENT_TARGET = 11.2;
				MTL_ENABLE_DEBUG_INFO = NO;
				SDKROOT = iphoneos;
				SWIFT_OPTIMIZATION_LEVEL = "-Owholemodule";
				VALIDATE_PRODUCT = YES;
			};
			name = Release;
		};
		6608E861201B381A006AB010 /* Debug */ = {
			isa = XCBuildConfiguration;
			buildSettings = {
				ALWAYS_EMBED_SWIFT_STANDARD_LIBRARIES = YES;
				ASSETCATALOG_COMPILER_APPICON_NAME = AppIcon;
				ASSETCATALOG_COMPILER_LAUNCHIMAGE_NAME = LaunchImage;
				CODE_SIGN_ENTITLEMENTS = SmarTAG/SmarTAG.entitlements;
				CODE_SIGN_STYLE = Automatic;
				CURRENT_PROJECT_VERSION = 11;
				DEVELOPMENT_TEAM = 9L4QA9SNQK;
				FRAMEWORK_SEARCH_PATHS = (
					"$(inherited)",
					"$(PROJECT_DIR)/Carthage/Build/iOS",
				);
				INFOPLIST_FILE = SmarTAG/Info.plist;
				IPHONEOS_DEPLOYMENT_TARGET = 11.3;
				LD_RUNPATH_SEARCH_PATHS = "$(inherited) @executable_path/Frameworks";
				MARKETING_VERSION = 1.2.2;
				PRODUCT_BUNDLE_IDENTIFIER = com.st.clab.SmarTAG;
				PRODUCT_NAME = "$(TARGET_NAME)";
				SWIFT_VERSION = 5.0;
				TARGETED_DEVICE_FAMILY = 1;
			};
			name = Debug;
		};
		6608E862201B381A006AB010 /* Release */ = {
			isa = XCBuildConfiguration;
			buildSettings = {
				ALWAYS_EMBED_SWIFT_STANDARD_LIBRARIES = YES;
				ASSETCATALOG_COMPILER_APPICON_NAME = AppIcon;
				ASSETCATALOG_COMPILER_LAUNCHIMAGE_NAME = LaunchImage;
				CODE_SIGN_ENTITLEMENTS = SmarTAG/SmarTAG.entitlements;
				CODE_SIGN_STYLE = Automatic;
				CURRENT_PROJECT_VERSION = 11;
				DEVELOPMENT_TEAM = 9L4QA9SNQK;
				FRAMEWORK_SEARCH_PATHS = (
					"$(inherited)",
					"$(PROJECT_DIR)/Carthage/Build/iOS",
				);
				INFOPLIST_FILE = SmarTAG/Info.plist;
				IPHONEOS_DEPLOYMENT_TARGET = 11.3;
				LD_RUNPATH_SEARCH_PATHS = "$(inherited) @executable_path/Frameworks";
				MARKETING_VERSION = 1.2.2;
				PRODUCT_BUNDLE_IDENTIFIER = com.st.clab.SmarTAG;
				PRODUCT_NAME = "$(TARGET_NAME)";
				SWIFT_VERSION = 5.0;
				TARGETED_DEVICE_FAMILY = 1;
			};
			name = Release;
		};
/* End XCBuildConfiguration section */

/* Begin XCConfigurationList section */
		6608E831201B3819006AB010 /* Build configuration list for PBXProject "SmarTAG" */ = {
			isa = XCConfigurationList;
			buildConfigurations = (
				6608E85E201B381A006AB010 /* Debug */,
				6608E85F201B381A006AB010 /* Release */,
			);
			defaultConfigurationIsVisible = 0;
			defaultConfigurationName = Release;
		};
		6608E860201B381A006AB010 /* Build configuration list for PBXNativeTarget "SmarTAG" */ = {
			isa = XCConfigurationList;
			buildConfigurations = (
				6608E861201B381A006AB010 /* Debug */,
				6608E862201B381A006AB010 /* Release */,
			);
			defaultConfigurationIsVisible = 0;
			defaultConfigurationName = Release;
		};
/* End XCConfigurationList section */
	};
	rootObject = 6608E82E201B3819006AB010 /* Project object */;
}
